
Microsoft Visual Studio Solution File, Format Version 12.00
# Visual Studio Version 16
VisualStudioVersion = 16.0.30907.101
MinimumVisualStudioVersion = 10.0.40219.1
Project("{9A19103F-16F7-4668-BE54-9A1E7A4F7556}") = "Twitify", "Twitify\Twitify.csproj", "{A56CF182-5F25-476B-8580-1777A7D72858}"
EndProject
Global
	GlobalSection(SolutionConfigurationPlatforms) = preSolution
		Debug|Any CPU = Debug|Any CPU
		Release|Any CPU = Release|Any CPU
	EndGlobalSection
	GlobalSection(ProjectConfigurationPlatforms) = postSolution
		{A56CF182-5F25-476B-8580-1777A7D72858}.Debug|Any CPU.ActiveCfg = Debug|Any CPU
		{A56CF182-5F25-476B-8580-1777A7D72858}.Debug|Any CPU.Build.0 = Debug|Any CPU
		{A56CF182-5F25-476B-8580-1777A7D72858}.Release|Any CPU.ActiveCfg = Release|Any CPU
		{A56CF182-5F25-476B-8580-1777A7D72858}.Release|Any CPU.Build.0 = Release|Any CPU
	EndGlobalSection
	GlobalSection(SolutionProperties) = preSolution
		HideSolutionNode = FALSE
	EndGlobalSection
	GlobalSection(ExtensibilityGlobals) = postSolution
		SolutionGuid = {33566847-02EF-432B-8A25-D4B6487B7C3E}
	EndGlobalSection
EndGlobal
